// !$*UTF8*$!
{
	archiveVersion = 1;
	classes = {
	};
	objectVersion = 50;
	objects = {

/* Begin PBXBuildFile section */
		EB54DEBA245244A00077AD24 /* AppDelegate.swift in Sources */ = {isa = PBXBuildFile; fileRef = EB54DEB9245244A00077AD24 /* AppDelegate.swift */; };
		EB54DEBC245244A00077AD24 /* SceneDelegate.swift in Sources */ = {isa = PBXBuildFile; fileRef = EB54DEBB245244A00077AD24 /* SceneDelegate.swift */; };
		EB54DEBE245244A00077AD24 /* ViewController.swift in Sources */ = {isa = PBXBuildFile; fileRef = EB54DEBD245244A00077AD24 /* ViewController.swift */; };
		EB54DEC1245244A00077AD24 /* Main.storyboard in Resources */ = {isa = PBXBuildFile; fileRef = EB54DEBF245244A00077AD24 /* Main.storyboard */; };
		EB54DEC3245244A30077AD24 /* Assets.xcassets in Resources */ = {isa = PBXBuildFile; fileRef = EB54DEC2245244A30077AD24 /* Assets.xcassets */; };
		EB54DEC6245244A30077AD24 /* LaunchScreen.storyboard in Resources */ = {isa = PBXBuildFile; fileRef = EB54DEC4245244A30077AD24 /* LaunchScreen.storyboard */; };
		EBA18379245DD8E90080DCAD /* FrameTableViewController.swift in Sources */ = {isa = PBXBuildFile; fileRef = EBA18378245DD8E90080DCAD /* FrameTableViewController.swift */; };
		EBA1837B245DDA260080DCAD /* MyARSCNView.swift in Sources */ = {isa = PBXBuildFile; fileRef = EBA1837A245DDA260080DCAD /* MyARSCNView.swift */; };
		EBA1837D245DDAAA0080DCAD /* FrameTableViewCell.swift in Sources */ = {isa = PBXBuildFile; fileRef = EBA1837C245DDAAA0080DCAD /* FrameTableViewCell.swift */; };
/* End PBXBuildFile section */

/* Begin PBXFileReference section */
		EB54DEB6245244A00077AD24 /* ARGallery.app */ = {isa = PBXFileReference; explicitFileType = wrapper.application; includeInIndex = 0; path = ARGallery.app; sourceTree = BUILT_PRODUCTS_DIR; };
		EB54DEB9245244A00077AD24 /* AppDelegate.swift */ = {isa = PBXFileReference; lastKnownFileType = sourcecode.swift; path = AppDelegate.swift; sourceTree = "<group>"; };
		EB54DEBB245244A00077AD24 /* SceneDelegate.swift */ = {isa = PBXFileReference; lastKnownFileType = sourcecode.swift; path = SceneDelegate.swift; sourceTree = "<group>"; };
		EB54DEBD245244A00077AD24 /* ViewController.swift */ = {isa = PBXFileReference; lastKnownFileType = sourcecode.swift; path = ViewController.swift; sourceTree = "<group>"; };
		EB54DEC0245244A00077AD24 /* Base */ = {isa = PBXFileReference; lastKnownFileType = file.storyboard; name = Base; path = Base.lproj/Main.storyboard; sourceTree = "<group>"; };
		EB54DEC2245244A30077AD24 /* Assets.xcassets */ = {isa = PBXFileReference; lastKnownFileType = folder.assetcatalog; path = Assets.xcassets; sourceTree = "<group>"; };
		EB54DEC5245244A30077AD24 /* Base */ = {isa = PBXFileReference; lastKnownFileType = file.storyboard; name = Base; path = Base.lproj/LaunchScreen.storyboard; sourceTree = "<group>"; };
		EB54DEC7245244A30077AD24 /* Info.plist */ = {isa = PBXFileReference; lastKnownFileType = text.plist.xml; path = Info.plist; sourceTree = "<group>"; };
		EBA18378245DD8E90080DCAD /* FrameTableViewController.swift */ = {isa = PBXFileReference; lastKnownFileType = sourcecode.swift; path = FrameTableViewController.swift; sourceTree = "<group>"; };
		EBA1837A245DDA260080DCAD /* MyARSCNView.swift */ = {isa = PBXFileReference; lastKnownFileType = sourcecode.swift; path = MyARSCNView.swift; sourceTree = "<group>"; };
		EBA1837C245DDAAA0080DCAD /* FrameTableViewCell.swift */ = {isa = PBXFileReference; lastKnownFileType = sourcecode.swift; path = FrameTableViewCell.swift; sourceTree = "<group>"; };
/* End PBXFileReference section */

/* Begin PBXFrameworksBuildPhase section */
		EB54DEB3245244A00077AD24 /* Frameworks */ = {
			isa = PBXFrameworksBuildPhase;
			buildActionMask = 2147483647;
			files = (
			);
			runOnlyForDeploymentPostprocessing = 0;
		};
/* End PBXFrameworksBuildPhase section */

/* Begin PBXGroup section */
		EB54DEAD245244A00077AD24 = {
			isa = PBXGroup;
			children = (
				EB54DEB8245244A00077AD24 /* ARGallery */,
				EB54DEB7245244A00077AD24 /* Products */,
			);
			sourceTree = "<group>";
		};
		EB54DEB7245244A00077AD24 /* Products */ = {
			isa = PBXGroup;
			children = (
				EB54DEB6245244A00077AD24 /* ARGallery.app */,
			);
			name = Products;
			sourceTree = "<group>";
		};
		EB54DEB8245244A00077AD24 /* ARGallery */ = {
			isa = PBXGroup;
			children = (
				EB54DEB9245244A00077AD24 /* AppDelegate.swift */,
				EB54DEBB245244A00077AD24 /* SceneDelegate.swift */,
				EB54DEBD245244A00077AD24 /* ViewController.swift */,
				EB54DEBF245244A00077AD24 /* Main.storyboard */,
				EBA1837C245DDAAA0080DCAD /* FrameTableViewCell.swift */,
				EBA1837A245DDA260080DCAD /* MyARSCNView.swift */,
				EBA18378245DD8E90080DCAD /* FrameTableViewController.swift */,
				EB54DEC2245244A30077AD24 /* Assets.xcassets */,
				EB54DEC4245244A30077AD24 /* LaunchScreen.storyboard */,
				EB54DEC7245244A30077AD24 /* Info.plist */,
			);
			path = ARGallery;
			sourceTree = "<group>";
		};
/* End PBXGroup section */

/* Begin PBXNativeTarget section */
		EB54DEB5245244A00077AD24 /* ARGallery */ = {
			isa = PBXNativeTarget;
			buildConfigurationList = EB54DECA245244A30077AD24 /* Build configuration list for PBXNativeTarget "ARGallery" */;
			buildPhases = (
				EB54DEB2245244A00077AD24 /* Sources */,
				EB54DEB3245244A00077AD24 /* Frameworks */,
				EB54DEB4245244A00077AD24 /* Resources */,
			);
			buildRules = (
			);
			dependencies = (
			);
			name = ARGallery;
			productName = ARGallery;
			productReference = EB54DEB6245244A00077AD24 /* ARGallery.app */;
			productType = "com.apple.product-type.application";
		};
/* End PBXNativeTarget section */

/* Begin PBXProject section */
		EB54DEAE245244A00077AD24 /* Project object */ = {
			isa = PBXProject;
			attributes = {
				LastSwiftUpdateCheck = 1140;
				LastUpgradeCheck = 1140;
				ORGANIZATIONNAME = "Grudak team";
				TargetAttributes = {
					EB54DEB5245244A00077AD24 = {
						CreatedOnToolsVersion = 11.4.1;
					};
				};
			};
			buildConfigurationList = EB54DEB1245244A00077AD24 /* Build configuration list for PBXProject "ARGallery" */;
			compatibilityVersion = "Xcode 9.3";
			developmentRegion = en;
			hasScannedForEncodings = 0;
			knownRegions = (
				en,
				Base,
			);
			mainGroup = EB54DEAD245244A00077AD24;
			productRefGroup = EB54DEB7245244A00077AD24 /* Products */;
			projectDirPath = "";
			projectRoot = "";
			targets = (
				EB54DEB5245244A00077AD24 /* ARGallery */,
			);
		};
/* End PBXProject section */

/* Begin PBXResourcesBuildPhase section */
		EB54DEB4245244A00077AD24 /* Resources */ = {
			isa = PBXResourcesBuildPhase;
			buildActionMask = 2147483647;
			files = (
				EB54DEC6245244A30077AD24 /* LaunchScreen.storyboard in Resources */,
				EB54DEC3245244A30077AD24 /* Assets.xcassets in Resources */,
				EB54DEC1245244A00077AD24 /* Main.storyboard in Resources */,
			);
			runOnlyForDeploymentPostprocessing = 0;
		};
/* End PBXResourcesBuildPhase section */

/* Begin PBXSourcesBuildPhase section */
		EB54DEB2245244A00077AD24 /* Sources */ = {
			isa = PBXSourcesBuildPhase;
			buildActionMask = 2147483647;
			files = (
				EBA1837B245DDA260080DCAD /* MyARSCNView.swift in Sources */,
				EB54DEBE245244A00077AD24 /* ViewController.swift in Sources */,
				EB54DEBA245244A00077AD24 /* AppDelegate.swift in Sources */,
				EB54DEBC245244A00077AD24 /* SceneDelegate.swift in Sources */,
				EBA18379245DD8E90080DCAD /* FrameTableViewController.swift in Sources */,
				EBA1837D245DDAAA0080DCAD /* FrameTableViewCell.swift in Sources */,
			);
			runOnlyForDeploymentPostprocessing = 0;
		};
/* End PBXSourcesBuildPhase section */

/* Begin PBXVariantGroup section */
		EB54DEBF245244A00077AD24 /* Main.storyboard */ = {
			isa = PBXVariantGroup;
			children = (
				EB54DEC0245244A00077AD24 /* Base */,
			);
			name = Main.storyboard;
			sourceTree = "<group>";
		};
		EB54DEC4245244A30077AD24 /* LaunchScreen.storyboard */ = {
			isa = PBXVariantGroup;
			children = (
				EB54DEC5245244A30077AD24 /* Base */,
			);
			name = LaunchScreen.storyboard;
			sourceTree = "<group>";
		};
/* End PBXVariantGroup section */

/* Begin XCBuildConfiguration section */
		EB54DEC8245244A30077AD24 /* Debug */ = {
			isa = XCBuildConfiguration;
			buildSettings = {
				ALWAYS_SEARCH_USER_PATHS = NO;
				CLANG_ANALYZER_NONNULL = YES;
				CLANG_ANALYZER_NUMBER_OBJECT_CONVERSION = YES_AGGRESSIVE;
				CLANG_CXX_LANGUAGE_STANDARD = "gnu++14";
				CLANG_CXX_LIBRARY = "libc++";
				CLANG_ENABLE_MODULES = YES;
				CLANG_ENABLE_OBJC_ARC = YES;
				CLANG_ENABLE_OBJC_WEAK = YES;
				CLANG_WARN_BLOCK_CAPTURE_AUTORELEASING = YES;
				CLANG_WARN_BOOL_CONVERSION = YES;
				CLANG_WARN_COMMA = YES;
				CLANG_WARN_CONSTANT_CONVERSION = YES;
				CLANG_WARN_DEPRECATED_OBJC_IMPLEMENTATIONS = YES;
				CLANG_WARN_DIRECT_OBJC_ISA_USAGE = YES_ERROR;
				CLANG_WARN_DOCUMENTATION_COMMENTS = YES;
				CLANG_WARN_EMPTY_BODY = YES;
				CLANG_WARN_ENUM_CONVERSION = YES;
				CLANG_WARN_INFINITE_RECURSION = YES;
				CLANG_WARN_INT_CONVERSION = YES;
				CLANG_WARN_NON_LITERAL_NULL_CONVERSION = YES;
				CLANG_WARN_OBJC_IMPLICIT_RETAIN_SELF = YES;
				CLANG_WARN_OBJC_LITERAL_CONVERSION = YES;
				CLANG_WARN_OBJC_ROOT_CLASS = YES_ERROR;
				CLANG_WARN_RANGE_LOOP_ANALYSIS = YES;
				CLANG_WARN_STRICT_PROTOTYPES = YES;
				CLANG_WARN_SUSPICIOUS_MOVE = YES;
				CLANG_WARN_UNGUARDED_AVAILABILITY = YES_AGGRESSIVE;
				CLANG_WARN_UNREACHABLE_CODE = YES;
				CLANG_WARN__DUPLICATE_METHOD_MATCH = YES;
				COPY_PHASE_STRIP = NO;
				DEBUG_INFORMATION_FORMAT = dwarf;
				ENABLE_STRICT_OBJC_MSGSEND = YES;
				ENABLE_TESTABILITY = YES;
				GCC_C_LANGUAGE_STANDARD = gnu11;
				GCC_DYNAMIC_NO_PIC = NO;
				GCC_NO_COMMON_BLOCKS = YES;
				GCC_OPTIMIZATION_LEVEL = 0;
				GCC_PREPROCESSOR_DEFINITIONS = (
					"DEBUG=1",
					"$(inherited)",
				);
				GCC_WARN_64_TO_32_BIT_CONVERSION = YES;
				GCC_WARN_ABOUT_RETURN_TYPE = YES_ERROR;
				GCC_WARN_UNDECLARED_SELECTOR = YES;
				GCC_WARN_UNINITIALIZED_AUTOS = YES_AGGRESSIVE;
				GCC_WARN_UNUSED_FUNCTION = YES;
				GCC_WARN_UNUSED_VARIABLE = YES;
				IPHONEOS_DEPLOYMENT_TARGET = 13.4;
				MTL_ENABLE_DEBUG_INFO = INCLUDE_SOURCE;
				MTL_FAST_MATH = YES;
				ONLY_ACTIVE_ARCH = YES;
				SDKROOT = iphoneos;
				SWIFT_ACTIVE_COMPILATION_CONDITIONS = DEBUG;
				SWIFT_OPTIMIZATION_LEVEL = "-Onone";
			};
			name = Debug;
		};
		EB54DEC9245244A30077AD24 /* Release */ = {
			isa = XCBuildConfiguration;
			buildSettings = {
				ALWAYS_SEARCH_USER_PATHS = NO;
				CLANG_ANALYZER_NONNULL = YES;
				CLANG_ANALYZER_NUMBER_OBJECT_CONVERSION = YES_AGGRESSIVE;
				CLANG_CXX_LANGUAGE_STANDARD = "gnu++14";
				CLANG_CXX_LIBRARY = "libc++";
				CLANG_ENABLE_MODULES = YES;
				CLANG_ENABLE_OBJC_ARC = YES;
				CLANG_ENABLE_OBJC_WEAK = YES;
				CLANG_WARN_BLOCK_CAPTURE_AUTORELEASING = YES;
				CLANG_WARN_BOOL_CONVERSION = YES;
				CLANG_WARN_COMMA = YES;
				CLANG_WARN_CONSTANT_CONVERSION = YES;
				CLANG_WARN_DEPRECATED_OBJC_IMPLEMENTATIONS = YES;
				CLANG_WARN_DIRECT_OBJC_ISA_USAGE = YES_ERROR;
				CLANG_WARN_DOCUMENTATION_COMMENTS = YES;
				CLANG_WARN_EMPTY_BODY = YES;
				CLANG_WARN_ENUM_CONVERSION = YES;
				CLANG_WARN_INFINITE_RECURSION = YES;
				CLANG_WARN_INT_CONVERSION = YES;
				CLANG_WARN_NON_LITERAL_NULL_CONVERSION = YES;
				CLANG_WARN_OBJC_IMPLICIT_RETAIN_SELF = YES;
				CLANG_WARN_OBJC_LITERAL_CONVERSION = YES;
				CLANG_WARN_OBJC_ROOT_CLASS = YES_ERROR;
				CLANG_WARN_RANGE_LOOP_ANALYSIS = YES;
				CLANG_WARN_STRICT_PROTOTYPES = YES;
				CLANG_WARN_SUSPICIOUS_MOVE = YES;
				CLANG_WARN_UNGUARDED_AVAILABILITY = YES_AGGRESSIVE;
				CLANG_WARN_UNREACHABLE_CODE = YES;
				CLANG_WARN__DUPLICATE_METHOD_MATCH = YES;
				COPY_PHASE_STRIP = NO;
				DEBUG_INFORMATION_FORMAT = "dwarf-with-dsym";
				ENABLE_NS_ASSERTIONS = NO;
				ENABLE_STRICT_OBJC_MSGSEND = YES;
				GCC_C_LANGUAGE_STANDARD = gnu11;
				GCC_NO_COMMON_BLOCKS = YES;
				GCC_WARN_64_TO_32_BIT_CONVERSION = YES;
				GCC_WARN_ABOUT_RETURN_TYPE = YES_ERROR;
				GCC_WARN_UNDECLARED_SELECTOR = YES;
				GCC_WARN_UNINITIALIZED_AUTOS = YES_AGGRESSIVE;
				GCC_WARN_UNUSED_FUNCTION = YES;
				GCC_WARN_UNUSED_VARIABLE = YES;
				IPHONEOS_DEPLOYMENT_TARGET = 13.4;
				MTL_ENABLE_DEBUG_INFO = NO;
				MTL_FAST_MATH = YES;
				SDKROOT = iphoneos;
				SWIFT_COMPILATION_MODE = wholemodule;
				SWIFT_OPTIMIZATION_LEVEL = "-O";
				VALIDATE_PRODUCT = YES;
			};
			name = Release;
		};
		EB54DECB245244A30077AD24 /* Debug */ = {
			isa = XCBuildConfiguration;
			buildSettings = {
				ASSETCATALOG_COMPILER_APPICON_NAME = AppIcon;
				CODE_SIGN_STYLE = Automatic;
				DEVELOPMENT_TEAM = N2NU58S59W;
				INFOPLIST_FILE = ARGallery/Info.plist;
				IPHONEOS_DEPLOYMENT_TARGET = 13.0;
				LD_RUNPATH_SEARCH_PATHS = (
					"$(inherited)",
					"@executable_path/Frameworks",
				);
				PRODUCT_BUNDLE_IDENTIFIER = com.vladgrudak.ARGallery;
				PRODUCT_NAME = "$(TARGET_NAME)";
				SWIFT_VERSION = 5.0;
				TARGETED_DEVICE_FAMILY = "1,2";
			};
			name = Debug;
		};
		EB54DECC245244A30077AD24 /* Release */ = {
			isa = XCBuildConfiguration;
			buildSettings = {
				ASSETCATALOG_COMPILER_APPICON_NAME = AppIcon;
				CODE_SIGN_STYLE = Automatic;
				DEVELOPMENT_TEAM = N2NU58S59W;
				INFOPLIST_FILE = ARGallery/Info.plist;
				IPHONEOS_DEPLOYMENT_TARGET = 13.0;
				LD_RUNPATH_SEARCH_PATHS = (
					"$(inherited)",
					"@executable_path/Frameworks",
				);
				PRODUCT_BUNDLE_IDENTIFIER = com.vladgrudak.ARGallery;
				PRODUCT_NAME = "$(TARGET_NAME)";
				SWIFT_VERSION = 5.0;
				TARGETED_DEVICE_FAMILY = "1,2";
			};
			name = Release;
		};
/* End XCBuildConfiguration section */

/* Begin XCConfigurationList section */
		EB54DEB1245244A00077AD24 /* Build configuration list for PBXProject "ARGallery" */ = {
			isa = XCConfigurationList;
			buildConfigurations = (
				EB54DEC8245244A30077AD24 /* Debug */,
				EB54DEC9245244A30077AD24 /* Release */,
			);
			defaultConfigurationIsVisible = 0;
			defaultConfigurationName = Release;
		};
		EB54DECA245244A30077AD24 /* Build configuration list for PBXNativeTarget "ARGallery" */ = {
			isa = XCConfigurationList;
			buildConfigurations = (
				EB54DECB245244A30077AD24 /* Debug */,
				EB54DECC245244A30077AD24 /* Release */,
			);
			defaultConfigurationIsVisible = 0;
			defaultConfigurationName = Release;
		};
/* End XCConfigurationList section */
	};
	rootObject = EB54DEAE245244A00077AD24 /* Project object */;
}
